
Microsoft Visual Studio Solution File, Format Version 12.00
# Visual Studio Version 16
VisualStudioVersion = 16.0.29215.179
MinimumVisualStudioVersion = 10.0.40219.1
Project("{FAE04EC0-301F-11D3-BF4B-00C04F79EFBC}") = "Pong Reborn", "Pong Reborn\Pong Reborn.csproj", "{DB57E66D-3628-4D59-9E9D-272B3B13CE25}"
EndProject
Global
	GlobalSection(SolutionConfigurationPlatforms) = preSolution
		Debug|Any CPU = Debug|Any CPU
		Release|Any CPU = Release|Any CPU
	EndGlobalSection
	GlobalSection(ProjectConfigurationPlatforms) = postSolution
		{DB57E66D-3628-4D59-9E9D-272B3B13CE25}.Debug|Any CPU.ActiveCfg = Debug|Any CPU
		{DB57E66D-3628-4D59-9E9D-272B3B13CE25}.Debug|Any CPU.Build.0 = Debug|Any CPU
		{DB57E66D-3628-4D59-9E9D-272B3B13CE25}.Release|Any CPU.ActiveCfg = Release|Any CPU
		{DB57E66D-3628-4D59-9E9D-272B3B13CE25}.Release|Any CPU.Build.0 = Release|Any CPU
	EndGlobalSection
	GlobalSection(SolutionProperties) = preSolution
		HideSolutionNode = FALSE
	EndGlobalSection
	GlobalSection(ExtensibilityGlobals) = postSolution
		SolutionGuid = {CD096D26-D95E-4D4E-BA43-EC2CFD6B3301}
	EndGlobalSection
EndGlobal
